{
  "name": "riftbound-sardegna",
  "version": "0.1.0",
  "lockfileVersion": 3,
  "requires": true,
  "packages": {
    "": {
      "name": "riftbound-sardegna",
      "version": "0.1.0",
      "dependencies": {
        "aws4fetch": "^1.0.20",
        "glicko2": "^1.2.1"
      }
    },
    "node_modules/aws4fetch": {
      "version": "1.0.20",
      "resolved": "https://registry.npmjs.org/aws4fetch/-/aws4fetch-1.0.20.tgz",
      "integrity": "sha512-/djoAN709iY65ETD6LKCtyyEI04XIBP5xVvfmNxsEP0uJB5tyaGBztSryRr4HqMStr9R06PisQE7m9zDTXKu6g==",
      "license": "MIT"
    },
    "node_modules/glicko2": {
      "version": "1.2.1",
      "resolved": "https://registry.npmjs.org/glicko2/-/glicko2-1.2.1.tgz",
      "integrity": "sha512-llKC0G0hRybX9fmDnx2u2tA9TZSg0OWM2q+AKApN4ofO8QTxFVESxvkLVulpo29fBd7yOBekgey2zkFOMMo6ng==",
      "license": "MIT"
    }
  }
}
